<?xml version="1.0" encoding="utf-8"?>
<Project ToolsVersion="4.0" xmlns="http://schemas.microsoft.com/developer/msbuild/2003">
  <ItemGroup>
    <Filter Include="engine">
      <UniqueIdentifier>{af38e7b0-cd23-44bb-b198-5d09c81e6788}</UniqueIdentifier>
    </Filter>
    <Filter Include="engine\base">
      <UniqueIdentifier>{8269b0d9-21d2-43f6-af90-1ffe83339aae}</UniqueIdentifier>
    </Filter>
    <Filter Include="engine\dx12">
      <UniqueIdentifier>{4bd29c64-e202-41bd-9474-6f3722f94102}</UniqueIdentifier>
    </Filter>
    <Filter Include="engine\2d">
      <UniqueIdentifier>{c85c5e7f-4104-46f1-abaf-6aac29c9eb6c}</UniqueIdentifier>
    </Filter>
    <Filter Include="engine\3d">
      <UniqueIdentifier>{5d030a62-55a5-4915-a1ef-3c402a267e5d}</UniqueIdentifier>
    </Filter>
    <Filter Include="engine\math">
      <UniqueIdentifier>{cd88baf8-9909-46a1-a0a7-3f2483438604}</UniqueIdentifier>
    </Filter>
    <Filter Include="engine\io">
      <UniqueIdentifier>{8d49b223-d048-40ab-a720-26c25ed2898c}</UniqueIdentifier>
    </Filter>
    <Filter Include="engine\audio">
      <UniqueIdentifier>{a4bf3b7c-82f7-4a2c-8134-a3c51c6327c9}</UniqueIdentifier>
    </Filter>
    <Filter Include="engine\scene">
      <UniqueIdentifier>{acea2298-4b4c-4530-927e-e9faac38c512}</UniqueIdentifier>
    </Filter>
    <Filter Include="application">
      <UniqueIdentifier>{24117080-33c2-48b8-bcbc-3b119f9e4764}</UniqueIdentifier>
    </Filter>
    <Filter Include="shaders">
      <UniqueIdentifier>{ea221abf-dff6-41a8-8492-7f0bc9d0da85}</UniqueIdentifier>
    </Filter>
    <Filter Include="imgui">
      <UniqueIdentifier>{fa9e42c5-7dcd-4fdb-9cc1-052e460ed3bc}</UniqueIdentifier>
    </Filter>
  </ItemGroup>
  <ItemGroup>
    <ClCompile Include="..\externals\imgui\imgui.cpp">
      <Filter>imgui</Filter>
    </ClCompile>
    <ClCompile Include="..\externals\imgui\imgui_demo.cpp">
      <Filter>imgui</Filter>
    </ClCompile>
    <ClCompile Include="..\externals\imgui\imgui_draw.cpp">
      <Filter>imgui</Filter>
    </ClCompile>
    <ClCompile Include="..\externals\imgui\imgui_impl_dx12.cpp">
      <Filter>imgui</Filter>
    </ClCompile>
    <ClCompile Include="..\externals\imgui\imgui_impl_win32.cpp">
      <Filter>imgui</Filter>
    </ClCompile>
    <ClCompile Include="..\externals\imgui\imgui_tables.cpp">
      <Filter>imgui</Filter>
    </ClCompile>
    <ClCompile Include="..\externals\imgui\imgui_widgets.cpp">
      <Filter>imgui</Filter>
    </ClCompile>
    <ClCompile Include="Engine\AudioSystem\AudioSystem.cpp">
      <Filter>engine\audio</Filter>
    </ClCompile>
    <ClCompile Include="Engine\Camera\Camera.cpp">
      <Filter>engine\3d</Filter>
    </ClCompile>
    <ClCompile Include="Engine\Camera\DebugCamera.cpp">
      <Filter>engine\3d</Filter>
    </ClCompile>
    <ClCompile Include="Engine\Graphics\DX12\D3DResourceLeakChecker.cpp">
      <Filter>engine\dx12</Filter>
    </ClCompile>
    <ClCompile Include="Engine\Graphics\DX12\DirectXCommon.cpp">
      <Filter>engine\dx12</Filter>
    </ClCompile>
    <ClCompile Include="Engine\Core\ImGuiSystem.cpp">
      <Filter>engine\base</Filter>
    </ClCompile>
    <ClCompile Include="Engine\Core\Input\Input.cpp">
      <Filter>engine\io</Filter>
    </ClCompile>
    <ClCompile Include="Engine\Core\LogSystem.cpp">
      <Filter>engine\base</Filter>
    </ClCompile>
    <ClCompile Include="Engine\Utilities\StringUtility.cpp">
      <Filter>engine\base</Filter>
    </ClCompile>
    <ClCompile Include="Engine\Core\WinApp.cpp">
      <Filter>engine\base</Filter>
    </ClCompile>
    <ClCompile Include="Engine\Engine.cpp">
      <Filter>engine\base</Filter>
    </ClCompile>
    <ClCompile Include="Engine\Graphics\DX12\DescriptorHeapManager.cpp">
      <Filter>engine\dx12</Filter>
    </ClCompile>
    <ClCompile Include="Engine\Graphics\GraphicsSystem.cpp">
      <Filter>engine\dx12</Filter>
    </ClCompile>
    <ClCompile Include="Engine\Graphics\Material\Material.cpp">
      <Filter>engine\3d</Filter>
    </ClCompile>
    <ClCompile Include="Engine\Graphics\Mesh\Mesh.cpp">
      <Filter>engine\3d</Filter>
    </ClCompile>
    <ClCompile Include="Engine\Graphics\Object\Object3d.cpp">
      <Filter>engine\3d</Filter>
    </ClCompile>
    <ClCompile Include="Engine\Graphics\Particle\Particle.cpp">
      <Filter>engine\3d</Filter>
    </ClCompile>
    <ClCompile Include="Engine\Graphics\Object\ObjectManager.cpp">
      <Filter>engine\3d</Filter>
    </ClCompile>
    <ClCompile Include="Engine\Graphics\DX12\PipelineManager.cpp">
      <Filter>engine\dx12</Filter>
    </ClCompile>
    <ClCompile Include="Engine\Graphics\DX12\ResourceManager.cpp">
      <Filter>engine\dx12</Filter>
    </ClCompile>
    <ClCompile Include="Engine\Graphics\DX12\ShaderCompiler.cpp">
      <Filter>engine\dx12</Filter>
    </ClCompile>
    <ClCompile Include="Engine\Graphics\Sprite\Sprite.cpp">
      <Filter>engine\2d</Filter>
    </ClCompile>
    <ClCompile Include="Engine\Graphics\Sprite\SpriteManager.cpp">
      <Filter>engine\2d</Filter>
    </ClCompile>
    <ClCompile Include="Engine\Graphics\DX12\TextureManager.cpp">
      <Filter>engine\dx12</Filter>
    </ClCompile>
    <ClCompile Include="Engine\main.cpp" />
    <ClCompile Include="Engine\Scene\GameScene.cpp">
      <Filter>application</Filter>
    </ClCompile>
    <ClCompile Include="Engine\Scene\SceneManager.cpp">
      <Filter>engine\scene</Filter>
    </ClCompile>
    <ClCompile Include="Engine\Scene\TitleScene.cpp">
      <Filter>application</Filter>
    </ClCompile>
    <ClCompile Include="Engine\Transform\Transform.cpp">
      <Filter>engine\3d</Filter>
    </ClCompile>
    <ClCompile Include="Engine\Core\Input\InputAction.cpp">
      <Filter>engine\io</Filter>
    </ClCompile>
    <ClCompile Include="Engine\Graphics\Renderer\Renderer.cpp">
      <Filter>engine\3d</Filter>
    </ClCompile>
    <ClCompile Include="Engine\Graphics\Renderer\Object3dRenderer.cpp">
      <Filter>engine\3d</Filter>
    </ClCompile>
    <ClCompile Include="Engine\Graphics\Renderer\SpriteRenderer.cpp">
      <Filter>engine\2d</Filter>
    </ClCompile>
    <ClCompile Include="Engine\Graphics\Renderer\ParticleRenderer.cpp">
      <Filter>engine\3d</Filter>
    </ClCompile>
    <ClCompile Include="Engine\Scene\SceneFactory.cpp">
      <Filter>application</Filter>
    </ClCompile>
  </ItemGroup>
  <ItemGroup>
    <ClInclude Include="..\externals\imgui\imconfig.h">
      <Filter>imgui</Filter>
    </ClInclude>
    <ClInclude Include="..\externals\imgui\imgui.h">
      <Filter>imgui</Filter>
    </ClInclude>
    <ClInclude Include="..\externals\imgui\imgui_impl_dx12.h">
      <Filter>imgui</Filter>
    </ClInclude>
    <ClInclude Include="..\externals\imgui\imgui_impl_win32.h">
      <Filter>imgui</Filter>
    </ClInclude>
    <ClInclude Include="..\externals\imgui\imgui_internal.h">
      <Filter>imgui</Filter>
    </ClInclude>
    <ClInclude Include="..\externals\imgui\imstb_rectpack.h">
      <Filter>imgui</Filter>
    </ClInclude>
    <ClInclude Include="..\externals\imgui\imstb_textedit.h">
      <Filter>imgui</Filter>
    </ClInclude>
    <ClInclude Include="..\externals\imgui\imstb_truetype.h">
      <Filter>imgui</Filter>
    </ClInclude>
    <ClInclude Include="Engine\AudioSystem\AudioSystem.h">
      <Filter>engine\audio</Filter>
    </ClInclude>
    <ClInclude Include="Engine\Camera\Camera.h">
      <Filter>engine\3d</Filter>
    </ClInclude>
    <ClInclude Include="Engine\Camera\DebugCamera.h">
      <Filter>engine\3d</Filter>
    </ClInclude>
    <ClInclude Include="Engine\Graphics\DX12\D3DResourceLeakChecker.h">
      <Filter>engine\dx12</Filter>
    </ClInclude>
    <ClInclude Include="Engine\Graphics\DX12\DirectXCommon.h">
      <Filter>engine\dx12</Filter>
    </ClInclude>
    <ClInclude Include="Engine\Core\ImGuiSystem.h">
      <Filter>engine\base</Filter>
    </ClInclude>
    <ClInclude Include="Engine\Core\Input\Input.h">
      <Filter>engine\io</Filter>
    </ClInclude>
    <ClInclude Include="Engine\Core\LogSystem.h">
      <Filter>engine\base</Filter>
    </ClInclude>
    <ClInclude Include="Engine\Utilities\StringUtility.h">
      <Filter>engine\base</Filter>
    </ClInclude>
    <ClInclude Include="Engine\Core\WinApp.h">
      <Filter>engine\base</Filter>
    </ClInclude>
    <ClInclude Include="Engine\Engine.h">
      <Filter>engine\base</Filter>
    </ClInclude>
    <ClInclude Include="Engine\EngineStructs.h">
      <Filter>engine\base</Filter>
    </ClInclude>
    <ClInclude Include="Engine\Graphics\DX12\DescriptorHeapManager.h">
      <Filter>engine\dx12</Filter>
    </ClInclude>
    <ClInclude Include="Engine\Graphics\GraphicsSystem.h">
      <Filter>engine\dx12</Filter>
    </ClInclude>
    <ClInclude Include="Engine\Graphics\Material\Material.h">
      <Filter>engine\3d</Filter>
    </ClInclude>
    <ClInclude Include="Engine\Graphics\Mesh\Mesh.h">
      <Filter>engine\3d</Filter>
    </ClInclude>
    <ClInclude Include="Engine\Graphics\Object\Object3d.h">
      <Filter>engine\3d</Filter>
    </ClInclude>
    <ClInclude Include="Engine\Graphics\Particle\Particle.h">
      <Filter>engine\3d</Filter>
    </ClInclude>
    <ClInclude Include="Engine\Graphics\Object\ObjectManager.h">
      <Filter>engine\3d</Filter>
    </ClInclude>
    <ClInclude Include="Engine\Graphics\DX12\BlendMode.h">
      <Filter>engine\dx12</Filter>
    </ClInclude>
    <ClInclude Include="Engine\Graphics\DX12\PipelineManager.h">
      <Filter>engine\dx12</Filter>
    </ClInclude>
    <ClInclude Include="Engine\Graphics\Renderer\RenderItem.h">
      <Filter>engine\3d</Filter>
    </ClInclude>
    <ClInclude Include="Engine\Graphics\DX12\ResourceManager.h">
      <Filter>engine\dx12</Filter>
    </ClInclude>
    <ClInclude Include="Engine\Graphics\DX12\ShaderCompiler.h">
      <Filter>engine\dx12</Filter>
    </ClInclude>
    <ClInclude Include="Engine\Graphics\Sprite\Sprite.h">
      <Filter>engine\2d</Filter>
    </ClInclude>
    <ClInclude Include="Engine\Graphics\Sprite\SpriteManager.h">
      <Filter>engine\2d</Filter>
    </ClInclude>
    <ClInclude Include="Engine\Graphics\DX12\TextureManager.h">
      <Filter>engine\dx12</Filter>
    </ClInclude>
    <ClInclude Include="Engine\Utilities\Math\MathUtility.h">
      <Filter>engine\math</Filter>
    </ClInclude>
    <ClInclude Include="Engine\Utilities\Math\Matrix4x4.h">
      <Filter>engine\math</Filter>
    </ClInclude>
    <ClInclude Include="Engine\Utilities\Math\Vector2.h">
      <Filter>engine\math</Filter>
    </ClInclude>
    <ClInclude Include="Engine\Utilities\Math\Vector3.h">
      <Filter>engine\math</Filter>
    </ClInclude>
    <ClInclude Include="Engine\Utilities\Math\Vector4.h">
      <Filter>engine\math</Filter>
    </ClInclude>
    <ClInclude Include="Engine\Scene\GameScene.h">
      <Filter>application</Filter>
    </ClInclude>
    <ClInclude Include="Engine\Scene\IScene.h">
      <Filter>engine\scene</Filter>
    </ClInclude>
    <ClInclude Include="Engine\Scene\SceneManager.h">
      <Filter>engine\scene</Filter>
    </ClInclude>
    <ClInclude Include="Engine\Scene\TitleScene.h">
      <Filter>application</Filter>
    </ClInclude>
    <ClInclude Include="Engine\Transform\Transform.h">
      <Filter>engine\3d</Filter>
    </ClInclude>
    <ClInclude Include="Engine\Core\Input\InputAction.h">
      <Filter>engine\io</Filter>
    </ClInclude>
    <ClInclude Include="Engine\Graphics\Renderer\Renderer.h">
      <Filter>engine\3d</Filter>
    </ClInclude>
    <ClInclude Include="Engine\Graphics\Renderer\Object3dRenderer.h">
      <Filter>engine\3d</Filter>
    </ClInclude>
    <ClInclude Include="Engine\Graphics\Renderer\SpriteRenderer.h">
      <Filter>engine\2d</Filter>
    </ClInclude>
    <ClInclude Include="Engine\Graphics\Renderer\ParticleRenderer.h">
      <Filter>engine\3d</Filter>
    </ClInclude>
    <ClInclude Include="Engine\Scene\SceneFactory.h">
      <Filter>application</Filter>
    </ClInclude>
  </ItemGroup>
  <ItemGroup>
    <FxCompile Include="resources\shaders\Object3d.PS.hlsl">
      <Filter>shaders</Filter>
    </FxCompile>
    <FxCompile Include="resources\shaders\Object3d.VS.hlsl">
      <Filter>shaders</Filter>
    </FxCompile>
    <FxCompile Include="resources\shaders\Particle.PS.hlsl">
      <Filter>shaders</Filter>
    </FxCompile>
    <FxCompile Include="resources\shaders\Particle.VS.hlsl">
      <Filter>shaders</Filter>
    </FxCompile>
  </ItemGroup>
  <ItemGroup>
    <None Include="resources\shaders\Object3d.hlsli">
      <Filter>shaders</Filter>
    </None>
    <None Include="resources\shaders\Particle.hlsli">
      <Filter>shaders</Filter>
    </None>
  </ItemGroup>
  <ItemGroup>
    <Text Include="..\externals\imgui\LICENSE.txt">
      <Filter>imgui</Filter>
    </Text>
  </ItemGroup>
</Project>