<?xml version="1.0" encoding="utf-8"?>
<Project ToolsVersion="4.0" xmlns="http://schemas.microsoft.com/developer/msbuild/2003">
  <ItemGroup>
    <Filter Include="ソース ファイル">
      <UniqueIdentifier>{4FC737F1-C7A5-4376-A066-2A32D752A2FF}</UniqueIdentifier>
      <Extensions>cpp;c;cc;cxx;c++;cppm;ixx;def;odl;idl;hpj;bat;asm;asmx</Extensions>
    </Filter>
    <Filter Include="ヘッダー ファイル">
      <UniqueIdentifier>{93995380-89BD-4b04-88EB-625FBE52EBFB}</UniqueIdentifier>
      <Extensions>h;hh;hpp;hxx;h++;hm;inl;inc;ipp;xsd</Extensions>
    </Filter>
    <Filter Include="リソース ファイル">
      <UniqueIdentifier>{67DA6AB6-F800-4c08-8B7A-83BB121AAD01}</UniqueIdentifier>
      <Extensions>rc;ico;cur;bmp;dlg;rc2;rct;bin;rgs;gif;jpg;jpeg;jpe;resx;tiff;tif;png;wav;mfcribbon-ms</Extensions>
    </Filter>
    <Filter Include="imgui">
      <UniqueIdentifier>{df004b26-74a7-423e-b3a2-17219cebe432}</UniqueIdentifier>
    </Filter>
    <Filter Include="Engine">
      <UniqueIdentifier>{40fe163c-f800-4ee2-81b9-50c95450f566}</UniqueIdentifier>
    </Filter>
    <Filter Include="Engine\Core">
      <UniqueIdentifier>{2e6ba37e-ac36-4f06-96e9-f3f87345f0b7}</UniqueIdentifier>
    </Filter>
    <Filter Include="Engine\Graphics">
      <UniqueIdentifier>{4d735a6b-2c74-4ba6-b8ff-3113274b3a5b}</UniqueIdentifier>
    </Filter>
    <Filter Include="Engine\Camera">
      <UniqueIdentifier>{1daa9508-e09a-4e6a-8169-23c4d2776fda}</UniqueIdentifier>
    </Filter>
    <Filter Include="Engine\Graphics\Material">
      <UniqueIdentifier>{7734c25c-d562-443b-8190-0b78b8e58639}</UniqueIdentifier>
    </Filter>
    <Filter Include="Engine\Graphics\Pipeline">
      <UniqueIdentifier>{793d7887-ba11-4bbf-bd80-24eddbbead98}</UniqueIdentifier>
    </Filter>
    <Filter Include="Engine\Graphics\Object">
      <UniqueIdentifier>{38d7500a-2336-4ae6-8adc-ee3780bfd2cf}</UniqueIdentifier>
    </Filter>
    <Filter Include="Engine\Graphics\Sprite">
      <UniqueIdentifier>{61276e89-3f27-4f6d-800a-eaaa4b157705}</UniqueIdentifier>
    </Filter>
    <Filter Include="Engine\Scene">
      <UniqueIdentifier>{f8891f06-67a6-470e-a707-d6f888c931c6}</UniqueIdentifier>
    </Filter>
    <Filter Include="Engine\Audio">
      <UniqueIdentifier>{064ff410-ecaa-44b0-9bb6-505743ae41df}</UniqueIdentifier>
    </Filter>
    <Filter Include="Engine\Graphics\Mesh">
      <UniqueIdentifier>{4bc6d9d8-1b03-4bb4-a263-996b6d2540f4}</UniqueIdentifier>
    </Filter>
    <Filter Include="Engine\Math">
      <UniqueIdentifier>{43c98664-1c77-4e9d-a52a-f52ca1570d38}</UniqueIdentifier>
    </Filter>
  </ItemGroup>
  <ItemGroup>
    <ClCompile Include="..\externals\imgui\imgui_widgets.cpp">
      <Filter>imgui</Filter>
    </ClCompile>
    <ClCompile Include="..\externals\imgui\imgui.cpp">
      <Filter>imgui</Filter>
    </ClCompile>
    <ClCompile Include="..\externals\imgui\imgui_demo.cpp">
      <Filter>imgui</Filter>
    </ClCompile>
    <ClCompile Include="..\externals\imgui\imgui_draw.cpp">
      <Filter>imgui</Filter>
    </ClCompile>
    <ClCompile Include="..\externals\imgui\imgui_impl_dx12.cpp">
      <Filter>imgui</Filter>
    </ClCompile>
    <ClCompile Include="..\externals\imgui\imgui_impl_win32.cpp">
      <Filter>imgui</Filter>
    </ClCompile>
    <ClCompile Include="..\externals\imgui\imgui_tables.cpp">
      <Filter>imgui</Filter>
    </ClCompile>
    <ClCompile Include="DirectXCommon.cpp">
      <Filter>Engine\Core</Filter>
    </ClCompile>
    <ClCompile Include="LogSystem.cpp">
      <Filter>Engine\Core</Filter>
    </ClCompile>
    <ClCompile Include="WinApp.cpp">
      <Filter>Engine\Core</Filter>
    </ClCompile>
    <ClCompile Include="Input.cpp">
      <Filter>Engine\Core</Filter>
    </ClCompile>
    <ClCompile Include="Sprite.cpp">
      <Filter>Engine\Graphics\Sprite</Filter>
    </ClCompile>
    <ClCompile Include="SpriteManager.cpp">
      <Filter>Engine\Graphics\Sprite</Filter>
    </ClCompile>
    <ClCompile Include="Material.cpp">
      <Filter>Engine\Graphics\Material</Filter>
    </ClCompile>
    <ClCompile Include="Object3d.cpp">
      <Filter>Engine\Graphics\Object</Filter>
    </ClCompile>
    <ClCompile Include="ObjectManager.cpp">
      <Filter>Engine\Graphics\Object</Filter>
    </ClCompile>
    <ClCompile Include="PipelineManager.cpp">
      <Filter>Engine\Graphics\Pipeline</Filter>
    </ClCompile>
    <ClCompile Include="Engine.cpp">
      <Filter>Engine</Filter>
    </ClCompile>
    <ClCompile Include="main.cpp">
      <Filter>Engine</Filter>
    </ClCompile>
    <ClCompile Include="AudioSystem.cpp">
      <Filter>Engine\Audio</Filter>
    </ClCompile>
    <ClCompile Include="Camera.cpp">
      <Filter>Engine\Camera</Filter>
    </ClCompile>
    <ClCompile Include="TitleScene.cpp">
      <Filter>Engine\Scene</Filter>
    </ClCompile>
    <ClCompile Include="SceneManager.cpp">
      <Filter>Engine\Scene</Filter>
    </ClCompile>
    <ClCompile Include="GameScene.cpp">
      <Filter>Engine\Scene</Filter>
    </ClCompile>
    <ClCompile Include="Mesh.cpp">
      <Filter>Engine\Graphics\Mesh</Filter>
    </ClCompile>
    <ClCompile Include="TextureManager.cpp">
      <Filter>Engine\Graphics</Filter>
    </ClCompile>
    <ClCompile Include="ShaderCompiler.cpp">
      <Filter>Engine\Graphics</Filter>
    </ClCompile>
    <ClCompile Include="ResourceManager.cpp">
      <Filter>Engine\Graphics</Filter>
    </ClCompile>
    <ClCompile Include="GraphicsSystem.cpp">
      <Filter>Engine\Graphics</Filter>
    </ClCompile>
    <ClCompile Include="DescriptorHeapManager.cpp">
      <Filter>Engine\Graphics</Filter>
    </ClCompile>
    <ClCompile Include="ImGuiSystem.cpp">
      <Filter>Engine\Core</Filter>
    </ClCompile>
  </ItemGroup>
  <ItemGroup>
    <FxCompile Include="Object3d.PS.hlsl" />
    <FxCompile Include="Object3d.VS.hlsl" />
  </ItemGroup>
  <ItemGroup>
    <ClInclude Include="Vector4.h">
      <Filter>Engine\Math</Filter>
    </ClInclude>
    <ClInclude Include="Vector3.h">
      <Filter>Engine\Math</Filter>
    </ClInclude>
    <ClInclude Include="Vector2.h">
      <Filter>Engine\Math</Filter>
    </ClInclude>
    <ClInclude Include="Matrix4x4.h">
      <Filter>Engine\Math</Filter>
    </ClInclude>
    <ClInclude Include="MathUtility.h">
      <Filter>Engine\Math</Filter>
    </ClInclude>
    <ClInclude Include="..\externals\imgui\imstb_truetype.h">
      <Filter>imgui</Filter>
    </ClInclude>
    <ClInclude Include="..\externals\imgui\imstb_textedit.h">
      <Filter>imgui</Filter>
    </ClInclude>
    <ClInclude Include="..\externals\imgui\imstb_rectpack.h">
      <Filter>imgui</Filter>
    </ClInclude>
    <ClInclude Include="..\externals\imgui\imgui_internal.h">
      <Filter>imgui</Filter>
    </ClInclude>
    <ClInclude Include="..\externals\imgui\imgui_impl_win32.h">
      <Filter>imgui</Filter>
    </ClInclude>
    <ClInclude Include="..\externals\imgui\imgui_impl_dx12.h">
      <Filter>imgui</Filter>
    </ClInclude>
    <ClInclude Include="..\externals\imgui\imgui.h">
      <Filter>imgui</Filter>
    </ClInclude>
    <ClInclude Include="..\externals\imgui\imconfig.h">
      <Filter>imgui</Filter>
    </ClInclude>
    <ClInclude Include="WinApp.h">
      <Filter>Engine\Core</Filter>
    </ClInclude>
    <ClInclude Include="Input.h">
      <Filter>Engine\Core</Filter>
    </ClInclude>
    <ClInclude Include="DirectXCommon.h">
      <Filter>Engine\Core</Filter>
    </ClInclude>
    <ClInclude Include="LogSystem.h">
      <Filter>Engine\Core</Filter>
    </ClInclude>
    <ClInclude Include="Sprite.h">
      <Filter>Engine\Graphics\Sprite</Filter>
    </ClInclude>
    <ClInclude Include="SpriteManager.h">
      <Filter>Engine\Graphics\Sprite</Filter>
    </ClInclude>
    <ClInclude Include="Material.h">
      <Filter>Engine\Graphics\Material</Filter>
    </ClInclude>
    <ClInclude Include="ObjectManager.h">
      <Filter>Engine\Graphics\Object</Filter>
    </ClInclude>
    <ClInclude Include="Object3d.h">
      <Filter>Engine\Graphics\Object</Filter>
    </ClInclude>
    <ClInclude Include="PipelineManager.h">
      <Filter>Engine\Graphics\Pipeline</Filter>
    </ClInclude>
    <ClInclude Include="Engine.h">
      <Filter>Engine</Filter>
    </ClInclude>
    <ClInclude Include="AudioSystem.h">
      <Filter>Engine\Audio</Filter>
    </ClInclude>
    <ClInclude Include="Camera.h">
      <Filter>Engine\Camera</Filter>
    </ClInclude>
    <ClInclude Include="SceneManager.h">
      <Filter>Engine\Scene</Filter>
    </ClInclude>
    <ClInclude Include="TitleScene.h">
      <Filter>Engine\Scene</Filter>
    </ClInclude>
    <ClInclude Include="GameScene.h">
      <Filter>Engine\Scene</Filter>
    </ClInclude>
    <ClInclude Include="Mesh.h">
      <Filter>Engine\Graphics\Mesh</Filter>
    </ClInclude>
    <ClInclude Include="IScene.h">
      <Filter>Engine\Scene</Filter>
    </ClInclude>
    <ClInclude Include="TextureManager.h">
      <Filter>Engine\Graphics</Filter>
    </ClInclude>
    <ClInclude Include="ShaderCompiler.h">
      <Filter>Engine\Graphics</Filter>
    </ClInclude>
    <ClInclude Include="ResourceManager.h">
      <Filter>Engine\Graphics</Filter>
    </ClInclude>
    <ClInclude Include="GraphicsSystem.h">
      <Filter>Engine\Graphics</Filter>
    </ClInclude>
    <ClInclude Include="EngineStructs.h">
      <Filter>Engine\Graphics</Filter>
    </ClInclude>
    <ClInclude Include="DescriptorHeapManager.h">
      <Filter>Engine\Graphics</Filter>
    </ClInclude>
    <ClInclude Include="ImGuiSystem.h">
      <Filter>Engine\Core</Filter>
    </ClInclude>
  </ItemGroup>
  <ItemGroup>
    <None Include="Object3d.hlsli" />
  </ItemGroup>
  <ItemGroup>
    <Text Include="..\externals\imgui\LICENSE.txt">
      <Filter>imgui</Filter>
    </Text>
  </ItemGroup>
</Project>