<?xml version="1.0" encoding="utf-8"?>
<Project ToolsVersion="4.0" xmlns="http://schemas.microsoft.com/developer/msbuild/2003">
  <ItemGroup>
    <Filter Include="ソース ファイル">
      <UniqueIdentifier>{4FC737F1-C7A5-4376-A066-2A32D752A2FF}</UniqueIdentifier>
      <Extensions>cpp;c;cc;cxx;c++;cppm;ixx;def;odl;idl;hpj;bat;asm;asmx</Extensions>
    </Filter>
    <Filter Include="ヘッダー ファイル">
      <UniqueIdentifier>{93995380-89BD-4b04-88EB-625FBE52EBFB}</UniqueIdentifier>
      <Extensions>h;hh;hpp;hxx;h++;hm;inl;inc;ipp;xsd</Extensions>
    </Filter>
    <Filter Include="リソース ファイル">
      <UniqueIdentifier>{67DA6AB6-F800-4c08-8B7A-83BB121AAD01}</UniqueIdentifier>
      <Extensions>rc;ico;cur;bmp;dlg;rc2;rct;bin;rgs;gif;jpg;jpeg;jpe;resx;tiff;tif;png;wav;mfcribbon-ms</Extensions>
    </Filter>
    <Filter Include="imgui">
      <UniqueIdentifier>{df004b26-74a7-423e-b3a2-17219cebe432}</UniqueIdentifier>
    </Filter>
    <Filter Include="Engine">
      <UniqueIdentifier>{180e2326-1b4f-45d3-a077-c0772c9a802f}</UniqueIdentifier>
    </Filter>
    <Filter Include="Engine\Audio">
      <UniqueIdentifier>{1add21f5-1d68-46cb-8c1a-d2769be5789c}</UniqueIdentifier>
    </Filter>
    <Filter Include="Engine\Graphics">
      <UniqueIdentifier>{031780f5-1304-4995-8d12-afb35c17b2af}</UniqueIdentifier>
    </Filter>
    <Filter Include="Engine\Camera">
      <UniqueIdentifier>{199ae000-5e43-4ef4-8604-ec42f675d5c7}</UniqueIdentifier>
    </Filter>
    <Filter Include="Engine\Graphics\Mesh">
      <UniqueIdentifier>{b1529bcc-4536-4d2e-a090-72cf6a3177ea}</UniqueIdentifier>
    </Filter>
    <Filter Include="Engine\Graphics\Material">
      <UniqueIdentifier>{80999c3b-3a8d-4347-853a-63e62c635b6d}</UniqueIdentifier>
    </Filter>
    <Filter Include="Engine\Graphics\Object">
      <UniqueIdentifier>{3793c1ee-9141-40d6-a24d-2f7957332710}</UniqueIdentifier>
    </Filter>
    <Filter Include="Engine\Scene">
      <UniqueIdentifier>{c105e238-4412-4d4c-8ed7-4d2fc1ddb73d}</UniqueIdentifier>
    </Filter>
    <Filter Include="Engine\Graphics\Material\Sprite">
      <UniqueIdentifier>{fe48f3d5-ef69-4658-bd8c-5c8fdd70590a}</UniqueIdentifier>
    </Filter>
    <Filter Include="Engine\Graphics\Object\Core">
      <UniqueIdentifier>{6b8e758b-0a7e-4784-b967-244fb5819df1}</UniqueIdentifier>
    </Filter>
    <Filter Include="Engine\Math">
      <UniqueIdentifier>{e47b44b5-9bb2-4301-8bce-fef77128e1d8}</UniqueIdentifier>
    </Filter>
  </ItemGroup>
  <ItemGroup>
    <ClCompile Include="..\externals\imgui\imgui_widgets.cpp">
      <Filter>imgui</Filter>
    </ClCompile>
    <ClCompile Include="..\externals\imgui\imgui.cpp">
      <Filter>imgui</Filter>
    </ClCompile>
    <ClCompile Include="..\externals\imgui\imgui_demo.cpp">
      <Filter>imgui</Filter>
    </ClCompile>
    <ClCompile Include="..\externals\imgui\imgui_draw.cpp">
      <Filter>imgui</Filter>
    </ClCompile>
    <ClCompile Include="..\externals\imgui\imgui_impl_dx12.cpp">
      <Filter>imgui</Filter>
    </ClCompile>
    <ClCompile Include="..\externals\imgui\imgui_impl_win32.cpp">
      <Filter>imgui</Filter>
    </ClCompile>
    <ClCompile Include="..\externals\imgui\imgui_tables.cpp">
      <Filter>imgui</Filter>
    </ClCompile>
    <ClCompile Include="Engine\AudioSystem\AudioSystem.cpp">
      <Filter>Engine\Audio</Filter>
    </ClCompile>
    <ClCompile Include="Engine\Camera\Camera.cpp">
      <Filter>Engine\Camera</Filter>
    </ClCompile>
    <ClCompile Include="Engine\Camera\DebugCamera.cpp">
      <Filter>Engine\Camera</Filter>
    </ClCompile>
    <ClCompile Include="Engine\Graphics\DescriptorHeapManager.cpp">
      <Filter>Engine\Graphics</Filter>
    </ClCompile>
    <ClCompile Include="Engine\Core\DirectXCommon.cpp">
      <Filter>Engine\Graphics\Object\Core</Filter>
    </ClCompile>
    <ClCompile Include="Engine\Engine.cpp">
      <Filter>Engine</Filter>
    </ClCompile>
    <ClCompile Include="Engine\Scene\GameScene.cpp">
      <Filter>Engine\Scene</Filter>
    </ClCompile>
    <ClCompile Include="Engine\Graphics\GraphicsSystem.cpp">
      <Filter>Engine\Graphics</Filter>
    </ClCompile>
    <ClCompile Include="Engine\Core\ImGuiSystem.cpp">
      <Filter>Engine\Graphics\Object\Core</Filter>
    </ClCompile>
    <ClCompile Include="Engine\Core\Input\Input.cpp">
      <Filter>Engine\Graphics\Object\Core</Filter>
    </ClCompile>
    <ClCompile Include="Engine\Core\LogSystem.cpp">
      <Filter>Engine\Graphics\Object\Core</Filter>
    </ClCompile>
    <ClCompile Include="Engine\Core\StringUtility.cpp">
      <Filter>Engine\Graphics\Object\Core</Filter>
    </ClCompile>
    <ClCompile Include="Engine\main.cpp">
      <Filter>Engine\Graphics\Object\Core</Filter>
    </ClCompile>
    <ClCompile Include="Engine\Graphics\Mesh\Mesh.cpp">
      <Filter>Engine\Graphics\Mesh</Filter>
    </ClCompile>
    <ClCompile Include="Engine\Graphics\Material\Material.cpp">
      <Filter>Engine\Graphics\Material</Filter>
    </ClCompile>
    <ClCompile Include="Engine\Graphics\Sprite\Sprite.cpp">
      <Filter>Engine\Graphics\Material\Sprite</Filter>
    </ClCompile>
    <ClCompile Include="Engine\Graphics\Sprite\SpriteManager.cpp">
      <Filter>Engine\Graphics\Material\Sprite</Filter>
    </ClCompile>
    <ClCompile Include="Engine\Graphics\Object\Object3d.cpp">
      <Filter>Engine\Graphics\Object</Filter>
    </ClCompile>
    <ClCompile Include="Engine\Graphics\Particle\Particle.cpp">
      <Filter>Engine\Graphics\Object</Filter>
    </ClCompile>
    <ClCompile Include="Engine\Graphics\Object\ObjectManager.cpp">
      <Filter>Engine\Graphics\Object</Filter>
    </ClCompile>
    <ClCompile Include="Engine\Graphics\Pipeline\PipelineManager.cpp">
      <Filter>Engine\Graphics</Filter>
    </ClCompile>
    <ClCompile Include="Engine\Graphics\ResourceManager.cpp">
      <Filter>Engine\Graphics</Filter>
    </ClCompile>
    <ClCompile Include="Engine\Graphics\ShaderCompiler.cpp">
      <Filter>Engine\Graphics</Filter>
    </ClCompile>
    <ClCompile Include="Engine\Graphics\TextureManager.cpp">
      <Filter>Engine\Graphics</Filter>
    </ClCompile>
    <ClCompile Include="Engine\Scene\TitleScene.cpp">
      <Filter>Engine\Scene</Filter>
    </ClCompile>
    <ClCompile Include="Engine\Scene\SceneManager.cpp">
      <Filter>Engine\Scene</Filter>
    </ClCompile>
    <ClCompile Include="Engine\Core\WinApp.cpp">
      <Filter>Engine\Graphics\Object\Core</Filter>
    </ClCompile>
    <ClCompile Include="Engine\Transform\Transform.cpp">
      <Filter>ソース ファイル</Filter>
    </ClCompile>
    <ClCompile Include="Engine\Core\Input\InputAction.cpp">
      <Filter>ソース ファイル</Filter>
    </ClCompile>
    <ClCompile Include="Engine\Graphics\Renderer\Renderer.cpp">
      <Filter>ソース ファイル</Filter>
    </ClCompile>
    <ClCompile Include="Engine\Scene\SceneFactory.cpp">
      <Filter>ソース ファイル</Filter>
    </ClCompile>
  </ItemGroup>
  <ItemGroup>
    <FxCompile Include="Object3d.PS.hlsl" />
    <FxCompile Include="Object3d.VS.hlsl" />
    <FxCompile Include="Particle.PS.hlsl" />
    <FxCompile Include="Particle.VS.hlsl" />
  </ItemGroup>
  <ItemGroup>
    <ClInclude Include="..\externals\imgui\imstb_truetype.h">
      <Filter>imgui</Filter>
    </ClInclude>
    <ClInclude Include="..\externals\imgui\imstb_textedit.h">
      <Filter>imgui</Filter>
    </ClInclude>
    <ClInclude Include="..\externals\imgui\imstb_rectpack.h">
      <Filter>imgui</Filter>
    </ClInclude>
    <ClInclude Include="..\externals\imgui\imgui_internal.h">
      <Filter>imgui</Filter>
    </ClInclude>
    <ClInclude Include="..\externals\imgui\imgui_impl_win32.h">
      <Filter>imgui</Filter>
    </ClInclude>
    <ClInclude Include="..\externals\imgui\imgui_impl_dx12.h">
      <Filter>imgui</Filter>
    </ClInclude>
    <ClInclude Include="..\externals\imgui\imgui.h">
      <Filter>imgui</Filter>
    </ClInclude>
    <ClInclude Include="..\externals\imgui\imconfig.h">
      <Filter>imgui</Filter>
    </ClInclude>
    <ClInclude Include="Engine\AudioSystem\AudioSystem.h">
      <Filter>Engine\Audio</Filter>
    </ClInclude>
    <ClInclude Include="Engine\Camera\Camera.h">
      <Filter>Engine\Camera</Filter>
    </ClInclude>
    <ClInclude Include="Engine\Camera\DebugCamera.h">
      <Filter>Engine\Camera</Filter>
    </ClInclude>
    <ClInclude Include="Engine\Graphics\DescriptorHeapManager.h">
      <Filter>Engine\Graphics</Filter>
    </ClInclude>
    <ClInclude Include="Engine\Graphics\ResourceManager.h">
      <Filter>Engine\Graphics</Filter>
    </ClInclude>
    <ClInclude Include="Engine\Graphics\Pipeline\BlendMode.h">
      <Filter>Engine\Graphics</Filter>
    </ClInclude>
    <ClInclude Include="Engine\Graphics\Pipeline\PipelineManager.h">
      <Filter>Engine\Graphics</Filter>
    </ClInclude>
    <ClInclude Include="Engine\Graphics\ShaderCompiler.h">
      <Filter>Engine\Graphics</Filter>
    </ClInclude>
    <ClInclude Include="Engine\Graphics\TextureManager.h">
      <Filter>Engine\Graphics</Filter>
    </ClInclude>
    <ClInclude Include="Engine\Graphics\GraphicsSystem.h">
      <Filter>Engine\Graphics</Filter>
    </ClInclude>
    <ClInclude Include="Engine\Scene\IScene.h">
      <Filter>Engine\Scene</Filter>
    </ClInclude>
    <ClInclude Include="Engine\Scene\TitleScene.h">
      <Filter>Engine\Scene</Filter>
    </ClInclude>
    <ClInclude Include="Engine\Scene\SceneManager.h">
      <Filter>Engine\Scene</Filter>
    </ClInclude>
    <ClInclude Include="Engine\Scene\GameScene.h">
      <Filter>Engine\Scene</Filter>
    </ClInclude>
    <ClInclude Include="Engine\Graphics\Sprite\Sprite.h">
      <Filter>Engine\Graphics\Material\Sprite</Filter>
    </ClInclude>
    <ClInclude Include="Engine\Graphics\Sprite\SpriteManager.h">
      <Filter>Engine\Graphics\Material\Sprite</Filter>
    </ClInclude>
    <ClInclude Include="Engine\Graphics\Material\Material.h">
      <Filter>Engine\Graphics\Material</Filter>
    </ClInclude>
    <ClInclude Include="Engine\Engine.h">
      <Filter>Engine</Filter>
    </ClInclude>
    <ClInclude Include="Engine\EngineStructs.h">
      <Filter>Engine</Filter>
    </ClInclude>
    <ClInclude Include="Engine\Graphics\Mesh\Mesh.h">
      <Filter>Engine\Graphics\Mesh</Filter>
    </ClInclude>
    <ClInclude Include="Engine\Core\Input\Input.h">
      <Filter>Engine\Graphics\Object\Core</Filter>
    </ClInclude>
    <ClInclude Include="Engine\Core\LogSystem.h">
      <Filter>Engine\Graphics\Object\Core</Filter>
    </ClInclude>
    <ClInclude Include="Engine\Core\StringUtility.h">
      <Filter>Engine\Graphics\Object\Core</Filter>
    </ClInclude>
    <ClInclude Include="Engine\Core\DirectXCommon.h">
      <Filter>Engine\Graphics\Object\Core</Filter>
    </ClInclude>
    <ClInclude Include="Engine\Core\ImGuiSystem.h">
      <Filter>Engine\Graphics\Object\Core</Filter>
    </ClInclude>
    <ClInclude Include="Engine\Core\WinApp.h">
      <Filter>Engine\Graphics\Object\Core</Filter>
    </ClInclude>
    <ClInclude Include="Engine\Graphics\Object\Object3d.h">
      <Filter>Engine\Graphics\Object</Filter>
    </ClInclude>
    <ClInclude Include="Engine\Graphics\Particle\Particle.h">
      <Filter>Engine\Graphics\Object</Filter>
    </ClInclude>
    <ClInclude Include="Engine\Graphics\Object\ObjectManager.h">
      <Filter>Engine\Graphics\Object</Filter>
    </ClInclude>
    <ClInclude Include="Engine\Math\MathUtility.h">
      <Filter>Engine\Math</Filter>
    </ClInclude>
    <ClInclude Include="Engine\Math\Matrix4x4.h">
      <Filter>Engine\Math</Filter>
    </ClInclude>
    <ClInclude Include="Engine\Math\Vector2.h">
      <Filter>Engine\Math</Filter>
    </ClInclude>
    <ClInclude Include="Engine\Math\Vector3.h">
      <Filter>Engine\Math</Filter>
    </ClInclude>
    <ClInclude Include="Engine\Math\Vector4.h">
      <Filter>Engine\Math</Filter>
    </ClInclude>
    <ClInclude Include="Engine\Transform\Transform.h">
      <Filter>ヘッダー ファイル</Filter>
    </ClInclude>
    <ClInclude Include="Engine\Graphics\Renderer\RenderItem.h">
      <Filter>ヘッダー ファイル</Filter>
    </ClInclude>
    <ClInclude Include="Engine\Core\Input\InputAction.h">
      <Filter>ヘッダー ファイル</Filter>
    </ClInclude>
    <ClInclude Include="Engine\Graphics\Renderer\Renderer.h">
      <Filter>ヘッダー ファイル</Filter>
    </ClInclude>
    <ClInclude Include="Engine\Scene\SceneFactory.h">
      <Filter>ヘッダー ファイル</Filter>
    </ClInclude>
  </ItemGroup>
  <ItemGroup>
    <None Include="Object3d.hlsli" />
    <None Include="Particle.hlsli" />
  </ItemGroup>
  <ItemGroup>
    <Text Include="..\externals\imgui\LICENSE.txt">
      <Filter>imgui</Filter>
    </Text>
  </ItemGroup>
</Project>