<?xml version="1.0" encoding="utf-8"?>
<Project ToolsVersion="4.0" xmlns="http://schemas.microsoft.com/developer/msbuild/2003">
  <ItemGroup>
    <Filter Include="engine">
      <UniqueIdentifier>{8ee2d531-d88e-4b71-8ec1-a8a792a83600}</UniqueIdentifier>
    </Filter>
    <Filter Include="engine\base">
      <UniqueIdentifier>{a025bcd8-3fab-4a03-b071-96d0b49e6787}</UniqueIdentifier>
    </Filter>
    <Filter Include="engine\dx12">
      <UniqueIdentifier>{a4dcee6b-21fb-4659-8ac4-069f14a12744}</UniqueIdentifier>
    </Filter>
    <Filter Include="engine\2d">
      <UniqueIdentifier>{722183b3-9c72-42e5-a64e-a1428c2f1172}</UniqueIdentifier>
    </Filter>
    <Filter Include="engine\3d">
      <UniqueIdentifier>{df3330d8-18da-4beb-b8ea-d04c01bb80d9}</UniqueIdentifier>
    </Filter>
    <Filter Include="engine\math">
      <UniqueIdentifier>{55a5cf7e-00ae-4beb-8d5c-d3cac5c71afb}</UniqueIdentifier>
    </Filter>
    <Filter Include="engine\audio">
      <UniqueIdentifier>{d93737ac-7083-4ba3-8bda-9903315a8b84}</UniqueIdentifier>
    </Filter>
    <Filter Include="engine\scene">
      <UniqueIdentifier>{c6e565d4-2c83-4e51-86d1-5569a3c63559}</UniqueIdentifier>
    </Filter>
    <Filter Include="application">
      <UniqueIdentifier>{7a7a3de1-49e3-4959-a101-b95311d796c0}</UniqueIdentifier>
    </Filter>
    <Filter Include="shaders">
      <UniqueIdentifier>{f735ae40-12ea-4cab-ac7c-7952fb4071dc}</UniqueIdentifier>
    </Filter>
    <Filter Include="externals">
      <UniqueIdentifier>{edc9ba87-77e9-4ae2-b261-ce9472b85ce8}</UniqueIdentifier>
    </Filter>
    <Filter Include="externals\imgui">
      <UniqueIdentifier>{ffa08897-12e0-4a91-9650-c8700617dcd2}</UniqueIdentifier>
    </Filter>
    <Filter Include="engine\input">
      <UniqueIdentifier>{50f080f9-dc4f-49f9-b25d-fbab90321133}</UniqueIdentifier>
    </Filter>
  </ItemGroup>
  <ItemGroup>
    <ClCompile Include="..\externals\imgui\imgui.cpp">
      <Filter>externals\imgui</Filter>
    </ClCompile>
    <ClCompile Include="..\externals\imgui\imgui_demo.cpp">
      <Filter>externals\imgui</Filter>
    </ClCompile>
    <ClCompile Include="..\externals\imgui\imgui_draw.cpp">
      <Filter>externals\imgui</Filter>
    </ClCompile>
    <ClCompile Include="..\externals\imgui\imgui_impl_dx12.cpp">
      <Filter>externals\imgui</Filter>
    </ClCompile>
    <ClCompile Include="..\externals\imgui\imgui_impl_win32.cpp">
      <Filter>externals\imgui</Filter>
    </ClCompile>
    <ClCompile Include="..\externals\imgui\imgui_tables.cpp">
      <Filter>externals\imgui</Filter>
    </ClCompile>
    <ClCompile Include="..\externals\imgui\imgui_widgets.cpp">
      <Filter>externals\imgui</Filter>
    </ClCompile>
    <ClCompile Include="Engine\AudioSystem\AudioSystem.cpp">
      <Filter>engine\audio</Filter>
    </ClCompile>
    <ClCompile Include="Engine\Camera\Camera.cpp">
      <Filter>engine\3d</Filter>
    </ClCompile>
    <ClCompile Include="Engine\Camera\DebugCamera.cpp">
      <Filter>engine\3d</Filter>
    </ClCompile>
    <ClCompile Include="Engine\Graphics\DX12\D3DResourceLeakChecker.cpp">
      <Filter>engine\dx12</Filter>
    </ClCompile>
    <ClCompile Include="Engine\Graphics\DX12\DirectXCommon.cpp">
      <Filter>engine\dx12</Filter>
    </ClCompile>
    <ClCompile Include="Engine\Core\ImGuiSystem.cpp">
      <Filter>engine\base</Filter>
    </ClCompile>
    <ClCompile Include="Engine\Core\Input\Input.cpp">
      <Filter>engine\input</Filter>
    </ClCompile>
    <ClCompile Include="Engine\Core\LogSystem.cpp">
      <Filter>engine\base</Filter>
    </ClCompile>
    <ClCompile Include="Engine\Utilities\StringUtility.cpp">
      <Filter>engine\base</Filter>
    </ClCompile>
    <ClCompile Include="Engine\Core\WinApp.cpp">
      <Filter>engine\base</Filter>
    </ClCompile>
    <ClCompile Include="Engine\Engine.cpp">
      <Filter>engine\base</Filter>
    </ClCompile>
    <ClCompile Include="Engine\Graphics\DX12\DescriptorHeapManager.cpp">
      <Filter>engine\dx12</Filter>
    </ClCompile>
    <ClCompile Include="Engine\Graphics\GraphicsSystem.cpp">
      <Filter>engine\dx12</Filter>
    </ClCompile>
    <ClCompile Include="Engine\Graphics\Material\Material.cpp">
      <Filter>engine\3d</Filter>
    </ClCompile>
    <ClCompile Include="Engine\Graphics\Mesh\Mesh.cpp">
      <Filter>engine\3d</Filter>
    </ClCompile>
    <ClCompile Include="Engine\Graphics\Object\Object3d.cpp">
      <Filter>engine\3d</Filter>
    </ClCompile>
    <ClCompile Include="Engine\Graphics\Particle\Particle.cpp">
      <Filter>engine\3d</Filter>
    </ClCompile>
    <ClCompile Include="Engine\Graphics\DX12\PipelineManager.cpp">
      <Filter>engine\dx12</Filter>
    </ClCompile>
    <ClCompile Include="Engine\Graphics\DX12\ResourceManager.cpp">
      <Filter>engine\dx12</Filter>
    </ClCompile>
    <ClCompile Include="Engine\Graphics\DX12\ShaderCompiler.cpp">
      <Filter>engine\dx12</Filter>
    </ClCompile>
    <ClCompile Include="Engine\Graphics\Sprite\Sprite.cpp">
      <Filter>engine\2d</Filter>
    </ClCompile>
    <ClCompile Include="Engine\Graphics\DX12\TextureManager.cpp">
      <Filter>engine\dx12</Filter>
    </ClCompile>
    <ClCompile Include="Engine\main.cpp" />
    <ClCompile Include="Engine\Scene\GameScene.cpp">
      <Filter>application</Filter>
    </ClCompile>
    <ClCompile Include="Engine\Scene\SceneManager.cpp">
      <Filter>engine\scene</Filter>
    </ClCompile>
    <ClCompile Include="Engine\Transform\Transform.cpp">
      <Filter>engine\3d</Filter>
    </ClCompile>
    <ClCompile Include="Engine\Graphics\Renderer\Object3dRenderer.cpp">
      <Filter>engine\3d</Filter>
    </ClCompile>
    <ClCompile Include="Engine\Graphics\Renderer\SpriteRenderer.cpp">
      <Filter>engine\2d</Filter>
    </ClCompile>
    <ClCompile Include="Engine\Graphics\Renderer\ParticleRenderer.cpp">
      <Filter>engine\3d</Filter>
    </ClCompile>
  </ItemGroup>
  <ItemGroup>
    <ClInclude Include="..\externals\imgui\imconfig.h">
      <Filter>externals\imgui</Filter>
    </ClInclude>
    <ClInclude Include="..\externals\imgui\imgui.h">
      <Filter>externals\imgui</Filter>
    </ClInclude>
    <ClInclude Include="..\externals\imgui\imgui_impl_dx12.h">
      <Filter>externals\imgui</Filter>
    </ClInclude>
    <ClInclude Include="..\externals\imgui\imgui_impl_win32.h">
      <Filter>externals\imgui</Filter>
    </ClInclude>
    <ClInclude Include="..\externals\imgui\imgui_internal.h">
      <Filter>externals\imgui</Filter>
    </ClInclude>
    <ClInclude Include="..\externals\imgui\imstb_rectpack.h">
      <Filter>externals\imgui</Filter>
    </ClInclude>
    <ClInclude Include="..\externals\imgui\imstb_textedit.h">
      <Filter>externals\imgui</Filter>
    </ClInclude>
    <ClInclude Include="..\externals\imgui\imstb_truetype.h">
      <Filter>externals\imgui</Filter>
    </ClInclude>
    <ClInclude Include="Engine\AudioSystem\AudioSystem.h">
      <Filter>engine\audio</Filter>
    </ClInclude>
    <ClInclude Include="Engine\Camera\Camera.h">
      <Filter>engine\3d</Filter>
    </ClInclude>
    <ClInclude Include="Engine\Camera\DebugCamera.h">
      <Filter>engine\3d</Filter>
    </ClInclude>
    <ClInclude Include="Engine\Graphics\DX12\D3DResourceLeakChecker.h">
      <Filter>engine\dx12</Filter>
    </ClInclude>
    <ClInclude Include="Engine\Graphics\DX12\DirectXCommon.h">
      <Filter>engine\dx12</Filter>
    </ClInclude>
    <ClInclude Include="Engine\Core\ImGuiSystem.h">
      <Filter>engine\base</Filter>
    </ClInclude>
    <ClInclude Include="Engine\Core\Input\Input.h">
      <Filter>engine\input</Filter>
    </ClInclude>
    <ClInclude Include="Engine\Core\LogSystem.h">
      <Filter>engine\base</Filter>
    </ClInclude>
    <ClInclude Include="Engine\Utilities\StringUtility.h">
      <Filter>engine\base</Filter>
    </ClInclude>
    <ClInclude Include="Engine\Core\WinApp.h">
      <Filter>engine\base</Filter>
    </ClInclude>
    <ClInclude Include="Engine\Engine.h">
      <Filter>engine\base</Filter>
    </ClInclude>
    <ClInclude Include="Engine\EngineStructs.h">
      <Filter>engine\base</Filter>
    </ClInclude>
    <ClInclude Include="Engine\Graphics\DX12\DescriptorHeapManager.h">
      <Filter>engine\dx12</Filter>
    </ClInclude>
    <ClInclude Include="Engine\Graphics\GraphicsSystem.h">
      <Filter>engine\dx12</Filter>
    </ClInclude>
    <ClInclude Include="Engine\Graphics\Material\Material.h">
      <Filter>engine\3d</Filter>
    </ClInclude>
    <ClInclude Include="Engine\Graphics\Mesh\Mesh.h">
      <Filter>engine\3d</Filter>
    </ClInclude>
    <ClInclude Include="Engine\Graphics\Object\Object3d.h">
      <Filter>engine\3d</Filter>
    </ClInclude>
    <ClInclude Include="Engine\Graphics\Particle\Particle.h">
      <Filter>engine\3d</Filter>
    </ClInclude>
    <ClInclude Include="Engine\Graphics\DX12\BlendMode.h">
      <Filter>engine\dx12</Filter>
    </ClInclude>
    <ClInclude Include="Engine\Graphics\DX12\PipelineManager.h">
      <Filter>engine\dx12</Filter>
    </ClInclude>
    <ClInclude Include="Engine\Graphics\DX12\ResourceManager.h">
      <Filter>engine\dx12</Filter>
    </ClInclude>
    <ClInclude Include="Engine\Graphics\DX12\ShaderCompiler.h">
      <Filter>engine\dx12</Filter>
    </ClInclude>
    <ClInclude Include="Engine\Graphics\Sprite\Sprite.h">
      <Filter>engine\2d</Filter>
    </ClInclude>
    <ClInclude Include="Engine\Graphics\DX12\TextureManager.h">
      <Filter>engine\dx12</Filter>
    </ClInclude>
    <ClInclude Include="Engine\Utilities\Math\MathUtility.h">
      <Filter>engine\math</Filter>
    </ClInclude>
    <ClInclude Include="Engine\Utilities\Math\Matrix4x4.h">
      <Filter>engine\math</Filter>
    </ClInclude>
    <ClInclude Include="Engine\Utilities\Math\Vector2.h">
      <Filter>engine\math</Filter>
    </ClInclude>
    <ClInclude Include="Engine\Utilities\Math\Vector3.h">
      <Filter>engine\math</Filter>
    </ClInclude>
    <ClInclude Include="Engine\Utilities\Math\Vector4.h">
      <Filter>engine\math</Filter>
    </ClInclude>
    <ClInclude Include="Engine\Scene\GameScene.h">
      <Filter>application</Filter>
    </ClInclude>
    <ClInclude Include="Engine\Scene\IScene.h">
      <Filter>engine\scene</Filter>
    </ClInclude>
    <ClInclude Include="Engine\Scene\SceneManager.h">
      <Filter>engine\scene</Filter>
    </ClInclude>
    <ClInclude Include="Engine\Transform\Transform.h">
      <Filter>engine\3d</Filter>
    </ClInclude>
    <ClInclude Include="Engine\Graphics\Renderer\Object3dRenderer.h">
      <Filter>engine\3d</Filter>
    </ClInclude>
    <ClInclude Include="Engine\Graphics\Renderer\SpriteRenderer.h">
      <Filter>engine\2d</Filter>
    </ClInclude>
    <ClInclude Include="Engine\Graphics\Renderer\ParticleRenderer.h">
      <Filter>engine\3d</Filter>
    </ClInclude>
  </ItemGroup>
  <ItemGroup>
    <FxCompile Include="resources\shaders\Object3d.PS.hlsl">
      <Filter>shaders</Filter>
    </FxCompile>
    <FxCompile Include="resources\shaders\Object3d.VS.hlsl">
      <Filter>shaders</Filter>
    </FxCompile>
    <FxCompile Include="resources\shaders\Particle.PS.hlsl">
      <Filter>shaders</Filter>
    </FxCompile>
    <FxCompile Include="resources\shaders\Particle.VS.hlsl">
      <Filter>shaders</Filter>
    </FxCompile>
  </ItemGroup>
  <ItemGroup>
    <None Include="resources\shaders\Object3d.hlsli">
      <Filter>shaders</Filter>
    </None>
    <None Include="resources\shaders\Particle.hlsli">
      <Filter>shaders</Filter>
    </None>
  </ItemGroup>
  <ItemGroup>
    <Text Include="..\externals\imgui\LICENSE.txt">
      <Filter>externals\imgui</Filter>
    </Text>
  </ItemGroup>
</Project>